
Microsoft Visual Studio Solution File, Format Version 12.00
# Visual Studio Version 17
VisualStudioVersion = 17.11.35312.102
MinimumVisualStudioVersion = 10.0.40219.1
Project("{2150E333-8FDC-42A3-9474-1A3956D46DE8}") = "Tests", "Tests", "{5E4C14D1-EFAC-406B-BCCE-9AF4944CC9CA}"
EndProject
Project("{FAE04EC0-301F-11D3-BF4B-00C04F79EFBC}") = "ctcom-microservice.AppHost", "ctcom-microservice.AppHost\ctcom-microservice.AppHost.csproj", "{D741B716-AF8E-4649-B233-7DA2830531CE}"
EndProject
Project("{9A19103F-16F7-4668-BE54-9A1E7A4F7556}") = "ctcom-microservice.ServiceDefaults", "ctcom-microservice.ServiceDefaults\ctcom-microservice.ServiceDefaults.csproj", "{E58FAFEF-7ADC-4D0A-B0F9-C4ADD682FEBF}"
EndProject
Project("{9A19103F-16F7-4668-BE54-9A1E7A4F7556}") = "ctcom.identity-service", "microservices\ctcom.identity-service\ctcom.identity-service\ctcom.identity-service.csproj", "{5438831E-D59F-45E6-B1F5-4B018C99058D}"
EndProject
Project("{9A19103F-16F7-4668-BE54-9A1E7A4F7556}") = "ctcom.product-service", "microservices\ctcom.product-service\ctcom.product-service\ctcom.product-service.csproj", "{09370ED8-1D94-4677-9B43-EED9DF74FA71}"
EndProject
Project("{9A19103F-16F7-4668-BE54-9A1E7A4F7556}") = "ProductService.Tests", "microservices\ctcom.product-service\ProductService.Tests\ProductService.Tests.csproj", "{9495633F-5ED3-4830-A595-2B8668D84789}"
EndProject
Project("{E53339B2-1760-4266-BCC7-CA923CBCF16C}") = "docker-compose", "docker-compose.dcproj", "{A5DBB69C-7CB9-4394-AEA0-CF32B8ECE7FA}"
EndProject
Global
	GlobalSection(SolutionConfigurationPlatforms) = preSolution
		Debug|Any CPU = Debug|Any CPU
		Release|Any CPU = Release|Any CPU
	EndGlobalSection
	GlobalSection(ProjectConfigurationPlatforms) = postSolution
		{D741B716-AF8E-4649-B233-7DA2830531CE}.Debug|Any CPU.ActiveCfg = Debug|Any CPU
		{D741B716-AF8E-4649-B233-7DA2830531CE}.Debug|Any CPU.Build.0 = Debug|Any CPU
		{D741B716-AF8E-4649-B233-7DA2830531CE}.Release|Any CPU.ActiveCfg = Release|Any CPU
		{D741B716-AF8E-4649-B233-7DA2830531CE}.Release|Any CPU.Build.0 = Release|Any CPU
		{E58FAFEF-7ADC-4D0A-B0F9-C4ADD682FEBF}.Debug|Any CPU.ActiveCfg = Debug|Any CPU
		{E58FAFEF-7ADC-4D0A-B0F9-C4ADD682FEBF}.Debug|Any CPU.Build.0 = Debug|Any CPU
		{E58FAFEF-7ADC-4D0A-B0F9-C4ADD682FEBF}.Release|Any CPU.ActiveCfg = Release|Any CPU
		{E58FAFEF-7ADC-4D0A-B0F9-C4ADD682FEBF}.Release|Any CPU.Build.0 = Release|Any CPU
		{5438831E-D59F-45E6-B1F5-4B018C99058D}.Debug|Any CPU.ActiveCfg = Debug|Any CPU
		{5438831E-D59F-45E6-B1F5-4B018C99058D}.Debug|Any CPU.Build.0 = Debug|Any CPU
		{5438831E-D59F-45E6-B1F5-4B018C99058D}.Release|Any CPU.ActiveCfg = Release|Any CPU
		{5438831E-D59F-45E6-B1F5-4B018C99058D}.Release|Any CPU.Build.0 = Release|Any CPU
		{09370ED8-1D94-4677-9B43-EED9DF74FA71}.Debug|Any CPU.ActiveCfg = Debug|Any CPU
		{09370ED8-1D94-4677-9B43-EED9DF74FA71}.Debug|Any CPU.Build.0 = Debug|Any CPU
		{09370ED8-1D94-4677-9B43-EED9DF74FA71}.Release|Any CPU.ActiveCfg = Release|Any CPU
		{09370ED8-1D94-4677-9B43-EED9DF74FA71}.Release|Any CPU.Build.0 = Release|Any CPU
		{9495633F-5ED3-4830-A595-2B8668D84789}.Debug|Any CPU.ActiveCfg = Debug|Any CPU
		{9495633F-5ED3-4830-A595-2B8668D84789}.Debug|Any CPU.Build.0 = Debug|Any CPU
		{9495633F-5ED3-4830-A595-2B8668D84789}.Release|Any CPU.ActiveCfg = Release|Any CPU
		{9495633F-5ED3-4830-A595-2B8668D84789}.Release|Any CPU.Build.0 = Release|Any CPU
		{A5DBB69C-7CB9-4394-AEA0-CF32B8ECE7FA}.Debug|Any CPU.ActiveCfg = Debug|Any CPU
		{A5DBB69C-7CB9-4394-AEA0-CF32B8ECE7FA}.Debug|Any CPU.Build.0 = Debug|Any CPU
		{A5DBB69C-7CB9-4394-AEA0-CF32B8ECE7FA}.Release|Any CPU.ActiveCfg = Release|Any CPU
		{A5DBB69C-7CB9-4394-AEA0-CF32B8ECE7FA}.Release|Any CPU.Build.0 = Release|Any CPU
	EndGlobalSection
	GlobalSection(SolutionProperties) = preSolution
		HideSolutionNode = FALSE
	EndGlobalSection
	GlobalSection(NestedProjects) = preSolution
		{9495633F-5ED3-4830-A595-2B8668D84789} = {5E4C14D1-EFAC-406B-BCCE-9AF4944CC9CA}
	EndGlobalSection
	GlobalSection(ExtensibilityGlobals) = postSolution
		SolutionGuid = {EEC15163-0129-4D3B-A029-2EFD288C8701}
	EndGlobalSection
EndGlobal
